
Microsoft Visual Studio Solution File, Format Version 12.00
# Visual Studio Version 17
VisualStudioVersion = 17.11.35222.181
MinimumVisualStudioVersion = 10.0.40219.1
Project("{FAE04EC0-301F-11D3-BF4B-00C04F79EFBC}") = "Assignment02_Advanced", "Assignment02_Advanced\Assignment02_Advanced.csproj", "{7721EF51-9F73-4148-B468-2C1BA2149089}"
EndProject
Global
	GlobalSection(SolutionConfigurationPlatforms) = preSolution
		Debug|Any CPU = Debug|Any CPU
		Release|Any CPU = Release|Any CPU
	EndGlobalSection
	GlobalSection(ProjectConfigurationPlatforms) = postSolution
		{7721EF51-9F73-4148-B468-2C1BA2149089}.Debug|Any CPU.ActiveCfg = Debug|Any CPU
		{7721EF51-9F73-4148-B468-2C1BA2149089}.Debug|Any CPU.Build.0 = Debug|Any CPU
		{7721EF51-9F73-4148-B468-2C1BA2149089}.Release|Any CPU.ActiveCfg = Release|Any CPU
		{7721EF51-9F73-4148-B468-2C1BA2149089}.Release|Any CPU.Build.0 = Release|Any CPU
	EndGlobalSection
	GlobalSection(SolutionProperties) = preSolution
		HideSolutionNode = FALSE
	EndGlobalSection
	GlobalSection(ExtensibilityGlobals) = postSolution
		SolutionGuid = {53C050ED-D632-4A5C-AE4E-E937E77D17C2}
	EndGlobalSection
EndGlobal
